
Microsoft Visual Studio Solution File, Format Version 12.00
# Visual Studio 14
VisualStudioVersion = 14.0.25420.1
MinimumVisualStudioVersion = 10.0.40219.1
Project("{FAE04EC0-301F-11D3-BF4B-00C04F79EFBC}") = "Domain", "Domain\Domain.csproj", "{B081D3DF-E773-4889-AE52-2ECAF6364518}"
EndProject
Project("{2150E333-8FDC-42A3-9474-1A3956D46DE8}") = "1 - Service", "1 - Service", "{186A54DC-E5C0-42B5-B8AE-94831E5BC7E2}"
EndProject
Project("{2150E333-8FDC-42A3-9474-1A3956D46DE8}") = "2 - Application", "2 - Application", "{D5A84B8F-E764-4478-B626-F7EFEC391D1E}"
EndProject
Project("{2150E333-8FDC-42A3-9474-1A3956D46DE8}") = "3 - Domain", "3 - Domain", "{F54B1EEA-6754-4C20-BF0C-11085446CDFD}"
EndProject
Project("{2150E333-8FDC-42A3-9474-1A3956D46DE8}") = "4 - Infra", "4 - Infra", "{2FB7F39A-648C-4D27-A557-9030C81E601D}"
EndProject
Project("{2150E333-8FDC-42A3-9474-1A3956D46DE8}") = "4.1 - Infra.Data", "4.1 - Infra.Data", "{4EA8436E-7AC8-4ACA-B0A4-41D58F552D18}"
EndProject
Project("{2150E333-8FDC-42A3-9474-1A3956D46DE8}") = "4.2 - CrossCutting", "4.2 - CrossCutting", "{421A7099-D8E9-4739-902F-4BD06BF7C346}"
EndProject
Project("{FAE04EC0-301F-11D3-BF4B-00C04F79EFBC}") = "Infra.Data", "Infra.Data\Infra.Data.csproj", "{1811E73A-03B2-49D0-8766-4A3271E3DD4C}"
EndProject
Project("{FAE04EC0-301F-11D3-BF4B-00C04F79EFBC}") = "Application", "Application\Application.csproj", "{0ECC9952-C71C-46ED-AF57-D9D3CE9BDC04}"
EndProject
Project("{FAE04EC0-301F-11D3-BF4B-00C04F79EFBC}") = "CrossCutting", "CrossCutting\CrossCutting.csproj", "{30DA2616-D25A-4B0A-84AE-D20C5E2FC7D6}"
EndProject
Project("{2150E333-8FDC-42A3-9474-1A3956D46DE8}") = "5 - Tests", "5 - Tests", "{E099C42F-12AF-4060-A11F-6F8F59F6A9B4}"
EndProject
Project("{FAE04EC0-301F-11D3-BF4B-00C04F79EFBC}") = "UnitTest", "UnitTest\UnitTest.csproj", "{3BFBDA73-2D06-460A-A1E2-E025214D8824}"
EndProject
Global
	GlobalSection(SolutionConfigurationPlatforms) = preSolution
		Debug|Any CPU = Debug|Any CPU
		Release|Any CPU = Release|Any CPU
	EndGlobalSection
	GlobalSection(ProjectConfigurationPlatforms) = postSolution
		{B081D3DF-E773-4889-AE52-2ECAF6364518}.Debug|Any CPU.ActiveCfg = Debug|Any CPU
		{B081D3DF-E773-4889-AE52-2ECAF6364518}.Debug|Any CPU.Build.0 = Debug|Any CPU
		{B081D3DF-E773-4889-AE52-2ECAF6364518}.Release|Any CPU.ActiveCfg = Release|Any CPU
		{B081D3DF-E773-4889-AE52-2ECAF6364518}.Release|Any CPU.Build.0 = Release|Any CPU
		{1811E73A-03B2-49D0-8766-4A3271E3DD4C}.Debug|Any CPU.ActiveCfg = Debug|Any CPU
		{1811E73A-03B2-49D0-8766-4A3271E3DD4C}.Debug|Any CPU.Build.0 = Debug|Any CPU
		{1811E73A-03B2-49D0-8766-4A3271E3DD4C}.Release|Any CPU.ActiveCfg = Release|Any CPU
		{1811E73A-03B2-49D0-8766-4A3271E3DD4C}.Release|Any CPU.Build.0 = Release|Any CPU
		{0ECC9952-C71C-46ED-AF57-D9D3CE9BDC04}.Debug|Any CPU.ActiveCfg = Debug|Any CPU
		{0ECC9952-C71C-46ED-AF57-D9D3CE9BDC04}.Debug|Any CPU.Build.0 = Debug|Any CPU
		{0ECC9952-C71C-46ED-AF57-D9D3CE9BDC04}.Release|Any CPU.ActiveCfg = Release|Any CPU
		{0ECC9952-C71C-46ED-AF57-D9D3CE9BDC04}.Release|Any CPU.Build.0 = Release|Any CPU
		{30DA2616-D25A-4B0A-84AE-D20C5E2FC7D6}.Debug|Any CPU.ActiveCfg = Debug|Any CPU
		{30DA2616-D25A-4B0A-84AE-D20C5E2FC7D6}.Debug|Any CPU.Build.0 = Debug|Any CPU
		{30DA2616-D25A-4B0A-84AE-D20C5E2FC7D6}.Release|Any CPU.ActiveCfg = Release|Any CPU
		{30DA2616-D25A-4B0A-84AE-D20C5E2FC7D6}.Release|Any CPU.Build.0 = Release|Any CPU
		{3BFBDA73-2D06-460A-A1E2-E025214D8824}.Debug|Any CPU.ActiveCfg = Debug|Any CPU
		{3BFBDA73-2D06-460A-A1E2-E025214D8824}.Debug|Any CPU.Build.0 = Debug|Any CPU
		{3BFBDA73-2D06-460A-A1E2-E025214D8824}.Release|Any CPU.ActiveCfg = Release|Any CPU
		{3BFBDA73-2D06-460A-A1E2-E025214D8824}.Release|Any CPU.Build.0 = Release|Any CPU
	EndGlobalSection
	GlobalSection(SolutionProperties) = preSolution
		HideSolutionNode = FALSE
	EndGlobalSection
	GlobalSection(NestedProjects) = preSolution
		{B081D3DF-E773-4889-AE52-2ECAF6364518} = {F54B1EEA-6754-4C20-BF0C-11085446CDFD}
		{4EA8436E-7AC8-4ACA-B0A4-41D58F552D18} = {2FB7F39A-648C-4D27-A557-9030C81E601D}
		{421A7099-D8E9-4739-902F-4BD06BF7C346} = {2FB7F39A-648C-4D27-A557-9030C81E601D}
		{1811E73A-03B2-49D0-8766-4A3271E3DD4C} = {4EA8436E-7AC8-4ACA-B0A4-41D58F552D18}
		{0ECC9952-C71C-46ED-AF57-D9D3CE9BDC04} = {D5A84B8F-E764-4478-B626-F7EFEC391D1E}
		{30DA2616-D25A-4B0A-84AE-D20C5E2FC7D6} = {421A7099-D8E9-4739-902F-4BD06BF7C346}
		{3BFBDA73-2D06-460A-A1E2-E025214D8824} = {E099C42F-12AF-4060-A11F-6F8F59F6A9B4}
	EndGlobalSection
EndGlobal
